{
  "name": "myadmin",
  "lockfileVersion": 2,
  "requires": true,
  "packages": {
    "": {
      "dependencies": {
        "screenfull": "^6.0.2"
      }
    },
    "node_modules/screenfull": {
      "version": "6.0.2",
      "resolved": "https://registry.npmmirror.com/screenfull/-/screenfull-6.0.2.tgz",
      "integrity": "sha512-AQdy8s4WhNvUZ6P8F6PB21tSPIYKniic+Ogx0AacBMjKP1GUHN2E9URxQHtCusiwxudnCKkdy4GrHXPPJSkCCw==",
      "engines": {
        "node": "^14.13.1 || >=16.0.0"
      }
    }
  },
  "dependencies": {
    "screenfull": {
      "version": "6.0.2",
      "resolved": "https://registry.npmmirror.com/screenfull/-/screenfull-6.0.2.tgz",
      "integrity": "sha512-AQdy8s4WhNvUZ6P8F6PB21tSPIYKniic+Ogx0AacBMjKP1GUHN2E9URxQHtCusiwxudnCKkdy4GrHXPPJSkCCw=="
    }
  }
}
